Microsoft Visual Studio Solution File, Format Version 12.00
# Visual Studio 2012
Project("{FAE04EC0-301F-11D3-BF4B-00C04F79EFBC}") = "CubeMarching", "CubeMarching.csproj", "{9CF1A26D-62C0-4016-B6A4-62374D32909E}"
EndProject
Global
	GlobalSection(SolutionConfigurationPlatforms) = preSolution
	Debug|Any CPU = Debug|Any CPU
	ExportDebug|Any CPU = ExportDebug|Any CPU
	ExportRelease|Any CPU = ExportRelease|Any CPU
	EndGlobalSection
	GlobalSection(ProjectConfigurationPlatforms) = postSolution
		{9CF1A26D-62C0-4016-B6A4-62374D32909E}.Debug|Any CPU.ActiveCfg = Debug|Any CPU
		{9CF1A26D-62C0-4016-B6A4-62374D32909E}.Debug|Any CPU.Build.0 = Debug|Any CPU
		{9CF1A26D-62C0-4016-B6A4-62374D32909E}.ExportDebug|Any CPU.ActiveCfg = ExportDebug|Any CPU
		{9CF1A26D-62C0-4016-B6A4-62374D32909E}.ExportDebug|Any CPU.Build.0 = ExportDebug|Any CPU
		{9CF1A26D-62C0-4016-B6A4-62374D32909E}.ExportRelease|Any CPU.ActiveCfg = ExportRelease|Any CPU
		{9CF1A26D-62C0-4016-B6A4-62374D32909E}.ExportRelease|Any CPU.Build.0 = ExportRelease|Any CPU
	EndGlobalSection
EndGlobal
